{
  "version": "2",
  "remote": {
    "https://deno.land/std@0.132.0/encoding/base64.ts": "c8c16b4adaa60d7a8eee047c73ece26844435e8f7f1328d74593dbb2dd58ea4f",
    "https://jspm.dev/npm:@jspm/core@2.0.0-beta.27/_/05d7e966.js": "528463059c53304f4317b81aa66accc0822bf837ab343296ec953e5745e434af",
    "https://jspm.dev/npm:@jspm/core@2.0.0-beta.27/_/19eb16ed.js": "2cfd8953833f40d325e55ac0baa079876a074e522d59ff308fdca85d8d29c264",
    "https://jspm.dev/npm:@jspm/core@2.0.0-beta.27/_/254d2cec.js": "7d1fe005e579cbbfc31c3fe6a23611662918ee75d1c2e0cbbbad1cf9fee4a668",
    "https://jspm.dev/npm:@jspm/core@2.0.0-beta.27/_/4b692d7d.js": "1a211473fdc649250b0205ca4378fa6b430c35772c6cbd2d1b7286bc18d38d6c",
    "https://jspm.dev/npm:@jspm/core@2.0.0-beta.27/_/90d5c88e.js": "3efc8f286333cbbd0c4345c7b3a764cad9fc44a5b22c512dcb9fc80f8ec6165c",
    "https://jspm.dev/npm:@jspm/core@2.0.0-beta.27/_/919d6b69.js": "53a285d12b8ab9fb3e509080454afd4e520a07a504c5c128dfec67af902277ef",
    "https://jspm.dev/npm:@jspm/core@2.0.0-beta.27/_/9a00abeb.js": "20bd2078ea72411fe8b4299db4006c00da768e523c84d602827dba2f99cf49c1",
    "https://jspm.dev/npm:@jspm/core@2.0.0-beta.27/_/9b69fd5b.js": "78c9661d2115d1642d10ea1b2cd7b484535c7ccef0a2fe195c8eca76823fadf9",
    "https://jspm.dev/npm:@jspm/core@2.0.0-beta.27/_/c2f4c945.js": "ea54f9adb9c1430d0944c1fe3f637bfa2b6ffcba7d29b5496d6317685450d5fb",
    "https://jspm.dev/npm:@jspm/core@2.0.0-beta.27/_/d792433a.js": "115353ee45149e7fe1a70b1627f28226dcdb7f530c91c3388efd17adabf3714c",
    "https://jspm.dev/npm:@jspm/core@2.0.0-beta.27/_/e31e0b89.js": "8bad5751f335ddcf55b63364f6400033c966decbf55f0ac8917fb51c0e622ca7",
    "https://jspm.dev/npm:@jspm/core@2.0.0-beta.27/nodelibs/assert": "59d0a06934c55fe9b1c39864ce19db0988cf04028f4f0a614d9aa8746970a3a0",
    "https://jspm.dev/npm:@jspm/core@2.0.0-beta.27/nodelibs/buffer": "543cdf00fe90af56276f394a31f8d8b5f76e2efb778a11f3dba8bdf4bbc3b87e",
    "https://jspm.dev/npm:@jspm/core@2.0.0-beta.27/nodelibs/events": "52f23383194e32b2c21cbbd64058b76674d3a99363d6565cc9892fefcd281c45",
    "https://jspm.dev/npm:@jspm/core@2.0.0-beta.27/nodelibs/fs": "704e9ee958798abb1ad78b2211995b596b9d9d117a1a13f1a7d86937c82ca2e9",
    "https://jspm.dev/npm:@jspm/core@2.0.0-beta.27/nodelibs/path": "cf054f39e817961d4ccf717d506e8e1d5a2b0693fba9aa2e33a54e90a1512da1",
    "https://jspm.dev/npm:@jspm/core@2.0.0-beta.27/nodelibs/stream": "e31817a0d4a9095c318e45ced56367f8d9270d81b78796bfecec529ef7e6d1f2",
    "https://jspm.dev/npm:@jspm/core@2.0.0-beta.27/nodelibs/url": "d639e0e88d4ef19b5fb649e7037e8c4ee1a3adebe2acb3951636f3939961ba73",
    "https://jspm.dev/npm:@jspm/core@2.0.0-beta.27/nodelibs/util": "c794b4adcdb3a07e57d788461e3698b7bf2c5f64d31403e2e67f92333e749db8",
    "https://jspm.dev/npm:@jspm/core@2/nodelibs/fs": "065048fb08d468d7a6a96d748f7235247287f66f31f63bd9db6020e174c105dd",
    "https://jspm.dev/npm:@jspm/core@2/nodelibs/path": "a095139a56d533daa3536ea354af2e9c342c40ff98d2e755f2c9f2fd6ec760d6",
    "https://jspm.dev/npm:source-map@0.7": "b1457020fd65a74ab4aeb972daf602ba981a0f380365ea00dfe0406a36ff685c",
    "https://jspm.dev/npm:source-map@0.7.4!cjs": "fcf7b4aff604c36c36cb1b91673648125cfaf32e1f3d36b0ee389eeaf1530c5f",
    "https://jspm.dev/npm:source-map@0.7.4/_/a8324845.js": "a0ceca99d77c1ee0d5d31d5b81d955b042f2dfd103c69201173907de787ad2cc",
    "https://jspm.dev/npm:source-map@0.7.4/lib/array-set!cjs": "3bf250fc1cbe4a5ec7a4f9439e03988a75e66478a0aa77d9904086a89dd8ca49",
    "https://jspm.dev/npm:source-map@0.7.4/lib/binary-search!cjs": "f183e8f9385fc034a88779c281042ecda9b328e5c4639ac4452ba715cde1bad3",
    "https://jspm.dev/npm:source-map@0.7.4/lib/source-map-consumer!cjs": "34c8c1344c04378253f1ffd58bcc54bda3d6acda4ef558bcb19d0de0ba5b97c4",
    "https://jspm.dev/npm:source-map@0.7.4/lib/source-map-generator!cjs": "1ef6efd9c675b3d65a945018bb35d53f9d3c9c1d2dd0686ac96f1c37c658269e",
    "https://jspm.dev/npm:source-map@0.7.4/lib/util!cjs": "1d3365e450928e66aab33f67b17fb4eccf9a563027c4d4ce65e856aae7e5128d",
    "https://jspm.dev/npm:terser@5.12.1": "73292834f155b3b65fe6ac613bbbd7a776d252f7077c7b4f8782e814283d8dcd",
    "https://jspm.dev/terser@5.12.1": "c75c7f59b78f7071f9375d38ddfdffc0b9edcbbd1d63ed57cda6ba1f97fabcea"
  }
}
